NeoBundleLock ag.vim 4a0dd6e190f446e5a016b44fdaa2feafc582918e
NeoBundleLock ctrlp-funky a2b0a4eeaa05977d8f4696d4f5dcc949aa226fc1
NeoBundleLock ctrlp.vim 971c4d41880b72dbbf1620b3ad91418a6a6f6b9c
NeoBundleLock indentLine 5617a1cf7d315e6e6f84d825c85e3b669d220bfa
NeoBundleLock jupyter-vim 7b003efd506bf032d7f4f161be97443e6f1f9d73
NeoBundleLock jupytext.vim a1433a11035169960a0342c1f792974765c5cfd8
NeoBundleLock lightline.vim 8e013f32f524157bf14ccaa87d97be3d3a7201e2
NeoBundleLock molokai c67bdfcdb31415aa0ade7f8c003261700a885476
NeoBundleLock neobundle.vim 1306c131ff0a6cc094b7ff0727350e442b5427f1
NeoBundleLock neocomplete.vim fc2d22c23962290cc0b32f50bf18add6a4573bdf
NeoBundleLock neosnippet 30b6b53b7a86b84371714b4a0f092d5d303c4a35
NeoBundleLock neosnippet-snippets b10b14873fc0fd46a7daab251e83eaad6c17e1e3
NeoBundleLock nerdtree 81f3eaba295b3fceb2d032db57e5eae99ae480f8
NeoBundleLock syntastic d97a664b9adbd1a0a9cba6c1c3baf071a1059d1e
NeoBundleLock syntastic-local-eslint.vim 5d6a68121c0d2e2727122a0f10b6b01f40666c10
NeoBundleLock vim-commentary f8238d70f873969fb41bf6a6b07ca63a4c0b82b1
NeoBundleLock vim-ctrlp-commandline ac3ea874c0d472b2813292dc8e9f06ce08f9c0ed
NeoBundleLock vim-easy-align 12dd6316974f71ce333e360c0260b4e1f81169c3
NeoBundleLock vim-trailing-whitespace 05f068ebd9dbdf71d2d334d02abd99deb0311c40
NeoBundleLock vimproc 8f40d86ab938d5df8c1c9824320621ae9f0d5609
